{
	"name": "@mazongguan-user/core",
	"version": "0.0.1",
	"lockfileVersion": 1,
	"requires": true,
	"dependencies": {
		"@hapi/address": {
			"version": "2.1.2",
			"resolved": "https://registry.npmjs.org/@hapi/address/-/address-2.1.2.tgz",
			"integrity": "sha512-O4QDrx+JoGKZc6aN64L04vqa7e41tIiLU+OvKdcYaEMP97UttL0f9GIi9/0A4WAMx0uBd6SidDIhktZhgOcN8Q=="
		},
		"@hapi/formula": {
			"version": "1.2.0",
			"resolved": "https://registry.npmjs.org/@hapi/formula/-/formula-1.2.0.tgz",
			"integrity": "sha512-UFbtbGPjstz0eWHb+ga/GM3Z9EzqKXFWIbSOFURU0A/Gku0Bky4bCk9/h//K2Xr3IrCfjFNhMm4jyZ5dbCewGA=="
		},
		"@hapi/hoek": {
			"version": "8.5.0",
			"resolved": "https://registry.npmjs.org/@hapi/hoek/-/hoek-8.5.0.tgz",
			"integrity": "sha512-7XYT10CZfPsH7j9F1Jmg1+d0ezOux2oM2GfArAzLwWe4mE2Dr3hVjsAL6+TFY49RRJlCdJDMw3nJsLFroTc8Kw=="
		},
		"@hapi/joi": {
			"version": "16.1.7",
			"resolved": "https://registry.npmjs.org/@hapi/joi/-/joi-16.1.7.tgz",
			"integrity": "sha512-anaIgnZhNooG3LJLrTFzgGALTiO97zRA1UkvQHm9KxxoSiIzCozB3RCNCpDnfhTJD72QlrHA8nwGmNgpFFCIeg==",
			"requires": {
				"@hapi/address": "^2.1.2",
				"@hapi/formula": "^1.2.0",
				"@hapi/hoek": "^8.2.4",
				"@hapi/pinpoint": "^1.0.2",
				"@hapi/topo": "^3.1.3"
			}
		},
		"@hapi/pinpoint": {
			"version": "1.0.2",
			"resolved": "https://registry.npmjs.org/@hapi/pinpoint/-/pinpoint-1.0.2.tgz",
			"integrity": "sha512-dtXC/WkZBfC5vxscazuiJ6iq4j9oNx1SHknmIr8hofarpKUZKmlUVYVIhNVzIEgK5Wrc4GMHL5lZtt1uS2flmQ=="
		},
		"@hapi/topo": {
			"version": "3.1.6",
			"resolved": "https://registry.npmjs.org/@hapi/topo/-/topo-3.1.6.tgz",
			"integrity": "sha512-tAag0jEcjwH+P2quUfipd7liWCNX2F8NvYjQp2wtInsZxnMlypdw0FtAOLxtvvkO+GSRRbmNi8m/5y42PQJYCQ==",
			"requires": {
				"@hapi/hoek": "^8.3.0"
			}
		},
		"@mazongguan-common/filter": {
			"version": "0.0.18",
			"resolved": "http://www.pastme.top:4873/@mazongguan-common%2ffilter/-/filter-0.0.18.tgz",
			"integrity": "sha512-hrawfwklI8faBIzYdA60kyKF06aubchSuG7uTDF6uuQYWJFqqJmmpXfgOlbseCPnLrW8sxhzl/pm+ATVAXaQ9w==",
			"requires": {
				"lodash": "^4.17.15",
				"rxjs": "^6.5.3"
			}
		},
		"@types/joi": {
			"version": "14.3.4",
			"resolved": "https://registry.npmjs.org/@types/joi/-/joi-14.3.4.tgz",
			"integrity": "sha512-1TQNDJvIKlgYXGNIABfgFp9y0FziDpuGrd799Q5RcnsDu+krD+eeW/0Fs5PHARvWWFelOhIG2OPCo6KbadBM4A=="
		},
		"@yeongjet/middleware-joi": {
			"version": "0.0.1",
			"resolved": "https://registry.npmjs.org/@yeongjet/middleware-joi/-/middleware-joi-0.0.1.tgz",
			"integrity": "sha512-/RES+9XTu1/KL80ojeNNUrIYrDmgTf1y4jgeoi5hC8289xDNakV1DGQuJhMPZiVdag/U5iCP+4AZliKdK7+IHg==",
			"requires": {
				"@hapi/joi": "^16.1.7",
				"@types/joi": "^14.3.4"
			}
		},
		"lodash": {
			"version": "4.17.21",
			"resolved": "https://registry.npmjs.org/lodash/-/lodash-4.17.21.tgz",
			"integrity": "sha512-v2kDEe57lecTulaDIuNTPy3Ry4gLGJ6Z1O3vE1krgXZNrsQ+LFTGHVxVjcXPs17LhbZVGedAJv8XZ1tvj5FvSg=="
		},
		"rxjs": {
			"version": "6.5.3",
			"resolved": "http://www.pastme.top:4873/rxjs/-/rxjs-6.5.3.tgz",
			"integrity": "sha512-wuYsAYYFdWTAnAaPoKGNhfpWwKZbJW+HgAJ+mImp+Epl7BG8oNWBCTyRM8gba9k4lk8BgWdoYm21Mo/RYhhbgA==",
			"requires": {
				"tslib": "^1.9.0"
			}
		},
		"tslib": {
			"version": "1.10.0",
			"resolved": "http://www.pastme.top:4873/tslib/-/tslib-1.10.0.tgz",
			"integrity": "sha512-qOebF53frne81cf0S9B41ByenJ3/IuH8yJKngAX35CmiZySA0khhkovshKK+jGCaMnVomla7gVlIcc3EvKPbTQ=="
		}
	}
}
