{
	"name": "@mazongguan-user/core",
	"version": "0.0.1",
	"lockfileVersion": 1,
	"requires": true,
	"dependencies": {
		"@mazongguan-common/filter": {
			"version": "0.0.18",
			"resolved": "http://www.pastme.top:4873/@mazongguan-common%2ffilter/-/filter-0.0.18.tgz",
			"integrity": "sha512-hrawfwklI8faBIzYdA60kyKF06aubchSuG7uTDF6uuQYWJFqqJmmpXfgOlbseCPnLrW8sxhzl/pm+ATVAXaQ9w==",
			"requires": {
				"lodash": "^4.17.15",
				"rxjs": "^6.5.3"
			}
		},
		"@mazongguan-common/validator": {
			"version": "0.0.18",
			"resolved": "http://www.pastme.top:4873/@mazongguan-common%2fvalidator/-/validator-0.0.18.tgz",
			"integrity": "sha512-0Tg986XANOgNDB5pe3Rhxy4PDsJ5y3VOPT5k1uO6v0sPb/n6ZB7yJaqy+hUSFmHWEbeFYJiIDaGD1f7G+YVRmA==",
			"requires": {
				"io-ts": "^2.0.1",
				"lodash": "^4.17.15",
				"rxjs": "^6.5.3"
			}
		},
		"io-ts": {
			"version": "2.0.1",
			"resolved": "http://www.pastme.top:4873/io-ts/-/io-ts-2.0.1.tgz",
			"integrity": "sha512-RezD+WcCfW4VkMkEcQWL/Nmy/nqsWTvTYg7oUmTGzglvSSV2P9h2z1PVeREPFf0GWNzruYleAt1XCMQZSg1xxQ=="
		},
		"lodash": {
			"version": "4.17.15",
			"resolved": "http://www.pastme.top:4873/lodash/-/lodash-4.17.15.tgz",
			"integrity": "sha512-8xOcRHvCjnocdS5cpwXQXVzmmh5e5+saE2QGoeQmbKmRS6J3VQppPOIt0MnmE+4xlZoumy0GPG0D0MVIQbNA1A=="
		},
		"rxjs": {
			"version": "6.5.3",
			"resolved": "http://www.pastme.top:4873/rxjs/-/rxjs-6.5.3.tgz",
			"integrity": "sha512-wuYsAYYFdWTAnAaPoKGNhfpWwKZbJW+HgAJ+mImp+Epl7BG8oNWBCTyRM8gba9k4lk8BgWdoYm21Mo/RYhhbgA==",
			"requires": {
				"tslib": "^1.9.0"
			}
		},
		"tslib": {
			"version": "1.10.0",
			"resolved": "http://www.pastme.top:4873/tslib/-/tslib-1.10.0.tgz",
			"integrity": "sha512-qOebF53frne81cf0S9B41ByenJ3/IuH8yJKngAX35CmiZySA0khhkovshKK+jGCaMnVomla7gVlIcc3EvKPbTQ=="
		}
	}
}
